
Microsoft Visual Studio Solution File, Format Version 12.00
# Visual Studio 2012
Project("{FAE04EC0-301F-11D3-BF4B-00C04F79EFBC}") = "GlobalOfficeTools.VS2012", "GlobalOfficeTools.VS2012\GlobalOfficeTools.VS2012.csproj", "{DE99D691-8E80-4459-B1E6-69DCCA34F63D}"
	ProjectSection(ProjectDependencies) = postProject
		{A65FA7B0-8F01-4D11-B44D-B12FF12C2E8C} = {A65FA7B0-8F01-4D11-B44D-B12FF12C2E8C}
	EndProjectSection
EndProject
Project("{FAE04EC0-301F-11D3-BF4B-00C04F79EFBC}") = "GlobalOfficeTools.VS2012.Web", "GlobalOfficeTools.VS2012.Web\GlobalOfficeTools.VS2012.Web.csproj", "{A65FA7B0-8F01-4D11-B44D-B12FF12C2E8C}"
EndProject
Project("{2150E333-8FDC-42A3-9474-1A3956D46DE8}") = "Client Side", "Client Side", "{9A15630C-D6E0-4979-9F80-AD2271C0298A}"
EndProject
Project("{2150E333-8FDC-42A3-9474-1A3956D46DE8}") = "Server Side", "Server Side", "{4B1DAE40-EE7D-4EC5-9E67-43044E067482}"
EndProject
Project("{2150E333-8FDC-42A3-9474-1A3956D46DE8}") = "Framework", "Framework", "{43AB25E4-E643-4548-B166-1EF1CEB19930}"
EndProject
Project("{FAE04EC0-301F-11D3-BF4B-00C04F79EFBC}") = "IMAGO.Controls", "IMAGO.Controls\IMAGO.Controls.csproj", "{54FCDEEC-0C95-4C64-8C6C-4775E69B5846}"
EndProject
Project("{FAE04EC0-301F-11D3-BF4B-00C04F79EFBC}") = "IMAGO.Converters", "IMAGO.Converters\IMAGO.Converters.csproj", "{B5DDDCBE-77DB-493F-9802-922788FF3594}"
EndProject
Project("{FAE04EC0-301F-11D3-BF4B-00C04F79EFBC}") = "IMAGO.MvvmLocator", "IMAGO.MvvmLocator\IMAGO.MvvmLocator.csproj", "{4C5206C2-87E9-4542-8673-8897E98B37C2}"
EndProject
Project("{FAE04EC0-301F-11D3-BF4B-00C04F79EFBC}") = "IMAGO.MvvmLib", "IMAGO.MvvvmLib\IMAGO.MvvmLib.csproj", "{72A12A1B-3253-4A4C-B0C5-660C754A6B7D}"
EndProject
Project("{FAE04EC0-301F-11D3-BF4B-00C04F79EFBC}") = "IMAGO.SL5.Behaviours", "IMAGO.XAML.Behaviours\IMAGO.SL5.Behaviours.csproj", "{6FEF1479-9ADC-4885-87D2-E7D49082F37F}"
EndProject
Project("{FAE04EC0-301F-11D3-BF4B-00C04F79EFBC}") = "GlobalOfficerTools.ViewModels", "GlobalOfficerTools.ViewModels\GlobalOfficerTools.ViewModels.csproj", "{60A0984A-2B7C-4B7C-A97D-3E78DC8C3ACA}"
EndProject
Project("{FAE04EC0-301F-11D3-BF4B-00C04F79EFBC}") = "GlobalOfficeTools.Interfaces", "GlobalOfficeTools.Interfaces\GlobalOfficeTools.Interfaces.csproj", "{7D14729A-58E1-4133-9446-FCBD468EF9A2}"
EndProject
Project("{FAE04EC0-301F-11D3-BF4B-00C04F79EFBC}") = "GlobalOfficeTools.RIA", "GlobalOfficeTools.RIA\GlobalOfficeTools.RIA.csproj", "{59900921-7FED-4098-81CF-A71F7361257D}"
EndProject
Project("{FAE04EC0-301F-11D3-BF4B-00C04F79EFBC}") = "GlobalOfficeTools.Globals", "GlobalOfficeTools.Globals\GlobalOfficeTools.Globals.csproj", "{A8E01769-C8F4-4780-97F1-4340B1B6E7C0}"
	ProjectSection(ProjectDependencies) = postProject
		{A65FA7B0-8F01-4D11-B44D-B12FF12C2E8C} = {A65FA7B0-8F01-4D11-B44D-B12FF12C2E8C}
	EndProjectSection
EndProject
Project("{FAE04EC0-301F-11D3-BF4B-00C04F79EFBC}") = "GlobalOfficeTools.Models", "GlobalOfficeTools.Models\GlobalOfficeTools.Models.csproj", "{81F0FB0A-9D18-4FAB-A185-168F84130F87}"
EndProject
Global
	GlobalSection(SolutionConfigurationPlatforms) = preSolution
		Debug|Any CPU = Debug|Any CPU
		Release|Any CPU = Release|Any CPU
	EndGlobalSection
	GlobalSection(ProjectConfigurationPlatforms) = postSolution
		{4C5206C2-87E9-4542-8673-8897E98B37C2}.Debug|Any CPU.ActiveCfg = Debug|Any CPU
		{4C5206C2-87E9-4542-8673-8897E98B37C2}.Debug|Any CPU.Build.0 = Debug|Any CPU
		{4C5206C2-87E9-4542-8673-8897E98B37C2}.Release|Any CPU.ActiveCfg = Release|Any CPU
		{4C5206C2-87E9-4542-8673-8897E98B37C2}.Release|Any CPU.Build.0 = Release|Any CPU
		{54FCDEEC-0C95-4C64-8C6C-4775E69B5846}.Debug|Any CPU.ActiveCfg = Debug|Any CPU
		{54FCDEEC-0C95-4C64-8C6C-4775E69B5846}.Debug|Any CPU.Build.0 = Debug|Any CPU
		{54FCDEEC-0C95-4C64-8C6C-4775E69B5846}.Release|Any CPU.ActiveCfg = Release|Any CPU
		{54FCDEEC-0C95-4C64-8C6C-4775E69B5846}.Release|Any CPU.Build.0 = Release|Any CPU
		{59900921-7FED-4098-81CF-A71F7361257D}.Debug|Any CPU.ActiveCfg = Debug|Any CPU
		{59900921-7FED-4098-81CF-A71F7361257D}.Debug|Any CPU.Build.0 = Debug|Any CPU
		{59900921-7FED-4098-81CF-A71F7361257D}.Release|Any CPU.ActiveCfg = Release|Any CPU
		{59900921-7FED-4098-81CF-A71F7361257D}.Release|Any CPU.Build.0 = Release|Any CPU
		{60A0984A-2B7C-4B7C-A97D-3E78DC8C3ACA}.Debug|Any CPU.ActiveCfg = Debug|Any CPU
		{60A0984A-2B7C-4B7C-A97D-3E78DC8C3ACA}.Debug|Any CPU.Build.0 = Debug|Any CPU
		{60A0984A-2B7C-4B7C-A97D-3E78DC8C3ACA}.Release|Any CPU.ActiveCfg = Release|Any CPU
		{60A0984A-2B7C-4B7C-A97D-3E78DC8C3ACA}.Release|Any CPU.Build.0 = Release|Any CPU
		{6FEF1479-9ADC-4885-87D2-E7D49082F37F}.Debug|Any CPU.ActiveCfg = Debug|Any CPU
		{6FEF1479-9ADC-4885-87D2-E7D49082F37F}.Debug|Any CPU.Build.0 = Debug|Any CPU
		{6FEF1479-9ADC-4885-87D2-E7D49082F37F}.Release|Any CPU.ActiveCfg = Release|Any CPU
		{6FEF1479-9ADC-4885-87D2-E7D49082F37F}.Release|Any CPU.Build.0 = Release|Any CPU
		{72A12A1B-3253-4A4C-B0C5-660C754A6B7D}.Debug|Any CPU.ActiveCfg = Debug|Any CPU
		{72A12A1B-3253-4A4C-B0C5-660C754A6B7D}.Debug|Any CPU.Build.0 = Debug|Any CPU
		{72A12A1B-3253-4A4C-B0C5-660C754A6B7D}.Release|Any CPU.ActiveCfg = Release|Any CPU
		{72A12A1B-3253-4A4C-B0C5-660C754A6B7D}.Release|Any CPU.Build.0 = Release|Any CPU
		{7D14729A-58E1-4133-9446-FCBD468EF9A2}.Debug|Any CPU.ActiveCfg = Debug|Any CPU
		{7D14729A-58E1-4133-9446-FCBD468EF9A2}.Debug|Any CPU.Build.0 = Debug|Any CPU
		{7D14729A-58E1-4133-9446-FCBD468EF9A2}.Release|Any CPU.ActiveCfg = Release|Any CPU
		{7D14729A-58E1-4133-9446-FCBD468EF9A2}.Release|Any CPU.Build.0 = Release|Any CPU
		{81F0FB0A-9D18-4FAB-A185-168F84130F87}.Debug|Any CPU.ActiveCfg = Debug|Any CPU
		{81F0FB0A-9D18-4FAB-A185-168F84130F87}.Debug|Any CPU.Build.0 = Debug|Any CPU
		{81F0FB0A-9D18-4FAB-A185-168F84130F87}.Release|Any CPU.ActiveCfg = Release|Any CPU
		{81F0FB0A-9D18-4FAB-A185-168F84130F87}.Release|Any CPU.Build.0 = Release|Any CPU
		{A65FA7B0-8F01-4D11-B44D-B12FF12C2E8C}.Debug|Any CPU.ActiveCfg = Debug|Any CPU
		{A65FA7B0-8F01-4D11-B44D-B12FF12C2E8C}.Debug|Any CPU.Build.0 = Debug|Any CPU
		{A65FA7B0-8F01-4D11-B44D-B12FF12C2E8C}.Release|Any CPU.ActiveCfg = Release|Any CPU
		{A65FA7B0-8F01-4D11-B44D-B12FF12C2E8C}.Release|Any CPU.Build.0 = Release|Any CPU
		{A8E01769-C8F4-4780-97F1-4340B1B6E7C0}.Debug|Any CPU.ActiveCfg = Debug|Any CPU
		{A8E01769-C8F4-4780-97F1-4340B1B6E7C0}.Debug|Any CPU.Build.0 = Debug|Any CPU
		{A8E01769-C8F4-4780-97F1-4340B1B6E7C0}.Release|Any CPU.ActiveCfg = Release|Any CPU
		{A8E01769-C8F4-4780-97F1-4340B1B6E7C0}.Release|Any CPU.Build.0 = Release|Any CPU
		{B5DDDCBE-77DB-493F-9802-922788FF3594}.Debug|Any CPU.ActiveCfg = Debug|Any CPU
		{B5DDDCBE-77DB-493F-9802-922788FF3594}.Debug|Any CPU.Build.0 = Debug|Any CPU
		{B5DDDCBE-77DB-493F-9802-922788FF3594}.Release|Any CPU.ActiveCfg = Release|Any CPU
		{B5DDDCBE-77DB-493F-9802-922788FF3594}.Release|Any CPU.Build.0 = Release|Any CPU
		{DE99D691-8E80-4459-B1E6-69DCCA34F63D}.Debug|Any CPU.ActiveCfg = Debug|Any CPU
		{DE99D691-8E80-4459-B1E6-69DCCA34F63D}.Debug|Any CPU.Build.0 = Debug|Any CPU
		{DE99D691-8E80-4459-B1E6-69DCCA34F63D}.Release|Any CPU.ActiveCfg = Release|Any CPU
		{DE99D691-8E80-4459-B1E6-69DCCA34F63D}.Release|Any CPU.Build.0 = Release|Any CPU
	EndGlobalSection
	GlobalSection(SolutionProperties) = preSolution
		HideSolutionNode = FALSE
	EndGlobalSection
	GlobalSection(NestedProjects) = preSolution
		{43AB25E4-E643-4548-B166-1EF1CEB19930} = {9A15630C-D6E0-4979-9F80-AD2271C0298A}
		{4C5206C2-87E9-4542-8673-8897E98B37C2} = {43AB25E4-E643-4548-B166-1EF1CEB19930}
		{54FCDEEC-0C95-4C64-8C6C-4775E69B5846} = {43AB25E4-E643-4548-B166-1EF1CEB19930}
		{59900921-7FED-4098-81CF-A71F7361257D} = {4B1DAE40-EE7D-4EC5-9E67-43044E067482}
		{60A0984A-2B7C-4B7C-A97D-3E78DC8C3ACA} = {9A15630C-D6E0-4979-9F80-AD2271C0298A}
		{6FEF1479-9ADC-4885-87D2-E7D49082F37F} = {43AB25E4-E643-4548-B166-1EF1CEB19930}
		{72A12A1B-3253-4A4C-B0C5-660C754A6B7D} = {43AB25E4-E643-4548-B166-1EF1CEB19930}
		{7D14729A-58E1-4133-9446-FCBD468EF9A2} = {9A15630C-D6E0-4979-9F80-AD2271C0298A}
		{81F0FB0A-9D18-4FAB-A185-168F84130F87} = {9A15630C-D6E0-4979-9F80-AD2271C0298A}
		{A65FA7B0-8F01-4D11-B44D-B12FF12C2E8C} = {4B1DAE40-EE7D-4EC5-9E67-43044E067482}
		{A8E01769-C8F4-4780-97F1-4340B1B6E7C0} = {9A15630C-D6E0-4979-9F80-AD2271C0298A}
		{B5DDDCBE-77DB-493F-9802-922788FF3594} = {43AB25E4-E643-4548-B166-1EF1CEB19930}
		{DE99D691-8E80-4459-B1E6-69DCCA34F63D} = {9A15630C-D6E0-4979-9F80-AD2271C0298A}
	EndGlobalSection
EndGlobal
